
Microsoft Visual Studio Solution File, Format Version 12.00
# Visual Studio Version 16
VisualStudioVersion = 16.0.30320.27
MinimumVisualStudioVersion = 10.0.40219.1
Project("{FAE04EC0-301F-11D3-BF4B-00C04F79EFBC}") = "Gui", "Gui\Gui.csproj", "{070B10D3-493F-48DD-9718-12CB77D205CD}"
EndProject
Project("{FAE04EC0-301F-11D3-BF4B-00C04F79EFBC}") = "BE", "BE\BE.csproj", "{52755024-B989-4A19-99AC-F9F65EF6EECF}"
EndProject
Project("{FAE04EC0-301F-11D3-BF4B-00C04F79EFBC}") = "DAL", "DAL\DAL.csproj", "{2BEE49FC-3384-4FB5-A3C8-1B867CD64970}"
EndProject
Project("{FAE04EC0-301F-11D3-BF4B-00C04F79EFBC}") = "BLL", "BLL\BLL.csproj", "{D4EE335F-EFAA-4745-AD3C-57FCE33245F0}"
EndProject
Global
	GlobalSection(SolutionConfigurationPlatforms) = preSolution
		Debug|Any CPU = Debug|Any CPU
		Release|Any CPU = Release|Any CPU
	EndGlobalSection
	GlobalSection(ProjectConfigurationPlatforms) = postSolution
		{070B10D3-493F-48DD-9718-12CB77D205CD}.Debug|Any CPU.ActiveCfg = Debug|Any CPU
		{070B10D3-493F-48DD-9718-12CB77D205CD}.Debug|Any CPU.Build.0 = Debug|Any CPU
		{070B10D3-493F-48DD-9718-12CB77D205CD}.Release|Any CPU.ActiveCfg = Release|Any CPU
		{070B10D3-493F-48DD-9718-12CB77D205CD}.Release|Any CPU.Build.0 = Release|Any CPU
		{52755024-B989-4A19-99AC-F9F65EF6EECF}.Debug|Any CPU.ActiveCfg = Debug|Any CPU
		{52755024-B989-4A19-99AC-F9F65EF6EECF}.Debug|Any CPU.Build.0 = Debug|Any CPU
		{52755024-B989-4A19-99AC-F9F65EF6EECF}.Release|Any CPU.ActiveCfg = Release|Any CPU
		{52755024-B989-4A19-99AC-F9F65EF6EECF}.Release|Any CPU.Build.0 = Release|Any CPU
		{2BEE49FC-3384-4FB5-A3C8-1B867CD64970}.Debug|Any CPU.ActiveCfg = Debug|Any CPU
		{2BEE49FC-3384-4FB5-A3C8-1B867CD64970}.Debug|Any CPU.Build.0 = Debug|Any CPU
		{2BEE49FC-3384-4FB5-A3C8-1B867CD64970}.Release|Any CPU.ActiveCfg = Release|Any CPU
		{2BEE49FC-3384-4FB5-A3C8-1B867CD64970}.Release|Any CPU.Build.0 = Release|Any CPU
		{D4EE335F-EFAA-4745-AD3C-57FCE33245F0}.Debug|Any CPU.ActiveCfg = Debug|Any CPU
		{D4EE335F-EFAA-4745-AD3C-57FCE33245F0}.Debug|Any CPU.Build.0 = Debug|Any CPU
		{D4EE335F-EFAA-4745-AD3C-57FCE33245F0}.Release|Any CPU.ActiveCfg = Release|Any CPU
		{D4EE335F-EFAA-4745-AD3C-57FCE33245F0}.Release|Any CPU.Build.0 = Release|Any CPU
	EndGlobalSection
	GlobalSection(SolutionProperties) = preSolution
		HideSolutionNode = FALSE
	EndGlobalSection
	GlobalSection(ExtensibilityGlobals) = postSolution
		SolutionGuid = {A9F6FEE3-8E58-49C5-AAFD-52DE43C2A598}
	EndGlobalSection
EndGlobal
